
Microsoft Visual Studio Solution File, Format Version 12.00
# Visual Studio Version 17
VisualStudioVersion = 17.11.35303.130
MinimumVisualStudioVersion = 10.0.40219.1
Project("{9A19103F-16F7-4668-BE54-9A1E7A4F7556}") = "ASP_NET_MVC", "ASP_NET_MVC.csproj", "{19C0ED52-1F0D-432D-A42B-8F3B7D1519EA}"
EndProject
Global
	GlobalSection(SolutionConfigurationPlatforms) = preSolution
		Debug|Any CPU = Debug|Any CPU
		Release|Any CPU = Release|Any CPU
	EndGlobalSection
	GlobalSection(ProjectConfigurationPlatforms) = postSolution
		{19C0ED52-1F0D-432D-A42B-8F3B7D1519EA}.Debug|Any CPU.ActiveCfg = Debug|Any CPU
		{19C0ED52-1F0D-432D-A42B-8F3B7D1519EA}.Debug|Any CPU.Build.0 = Debug|Any CPU
		{19C0ED52-1F0D-432D-A42B-8F3B7D1519EA}.Release|Any CPU.ActiveCfg = Release|Any CPU
		{19C0ED52-1F0D-432D-A42B-8F3B7D1519EA}.Release|Any CPU.Build.0 = Release|Any CPU
	EndGlobalSection
	GlobalSection(SolutionProperties) = preSolution
		HideSolutionNode = FALSE
	EndGlobalSection
	GlobalSection(ExtensibilityGlobals) = postSolution
		SolutionGuid = {B8DC6A6B-0456-4B13-8D84-94DB1299724F}
	EndGlobalSection
EndGlobal
